// !$*UTF8*$!
{
	archiveVersion = 1;
	classes = {
	};
	objectVersion = 55;
	objects = {

/* Begin PBXBuildFile section */
		3C99C2F627BBFA4B004D04A1 /* AppDelegate.swift in Sources */ = {isa = PBXBuildFile; fileRef = 3C99C2F527BBFA4B004D04A1 /* AppDelegate.swift */; };
		3C99C2F827BBFA4B004D04A1 /* SceneDelegate.swift in Sources */ = {isa = PBXBuildFile; fileRef = 3C99C2F727BBFA4B004D04A1 /* SceneDelegate.swift */; };
		3C99C2FA27BBFA4B004D04A1 /* ViewController.swift in Sources */ = {isa = PBXBuildFile; fileRef = 3C99C2F927BBFA4B004D04A1 /* ViewController.swift */; };
		3C99C2FD27BBFA4B004D04A1 /* Main.storyboard in Resources */ = {isa = PBXBuildFile; fileRef = 3C99C2FB27BBFA4B004D04A1 /* Main.storyboard */; };
		3C99C2FF27BBFA4D004D04A1 /* Assets.xcassets in Resources */ = {isa = PBXBuildFile; fileRef = 3C99C2FE27BBFA4D004D04A1 /* Assets.xcassets */; };
		3C99C30227BBFA4D004D04A1 /* LaunchScreen.storyboard in Resources */ = {isa = PBXBuildFile; fileRef = 3C99C30027BBFA4D004D04A1 /* LaunchScreen.storyboard */; };
		3C99C31127BBFB12004D04A1 /* MainTabController.swift in Sources */ = {isa = PBXBuildFile; fileRef = 3C99C31027BBFB12004D04A1 /* MainTabController.swift */; };
/* End PBXBuildFile section */

/* Begin PBXFileReference section */
		3C99C2F227BBFA4B004D04A1 /* InstargramFirestoreTutorial.app */ = {isa = PBXFileReference; explicitFileType = wrapper.application; includeInIndex = 0; path = InstargramFirestoreTutorial.app; sourceTree = BUILT_PRODUCTS_DIR; };
		3C99C2F527BBFA4B004D04A1 /* AppDelegate.swift */ = {isa = PBXFileReference; lastKnownFileType = sourcecode.swift; path = AppDelegate.swift; sourceTree = "<group>"; };
		3C99C2F727BBFA4B004D04A1 /* SceneDelegate.swift */ = {isa = PBXFileReference; lastKnownFileType = sourcecode.swift; path = SceneDelegate.swift; sourceTree = "<group>"; };
		3C99C2F927BBFA4B004D04A1 /* ViewController.swift */ = {isa = PBXFileReference; lastKnownFileType = sourcecode.swift; path = ViewController.swift; sourceTree = "<group>"; };
		3C99C2FC27BBFA4B004D04A1 /* Base */ = {isa = PBXFileReference; lastKnownFileType = file.storyboard; name = Base; path = Base.lproj/Main.storyboard; sourceTree = "<group>"; };
		3C99C2FE27BBFA4D004D04A1 /* Assets.xcassets */ = {isa = PBXFileReference; lastKnownFileType = folder.assetcatalog; path = Assets.xcassets; sourceTree = "<group>"; };
		3C99C30127BBFA4D004D04A1 /* Base */ = {isa = PBXFileReference; lastKnownFileType = file.storyboard; name = Base; path = Base.lproj/LaunchScreen.storyboard; sourceTree = "<group>"; };
		3C99C30327BBFA4D004D04A1 /* Info.plist */ = {isa = PBXFileReference; lastKnownFileType = text.plist.xml; path = Info.plist; sourceTree = "<group>"; };
		3C99C31027BBFB12004D04A1 /* MainTabController.swift */ = {isa = PBXFileReference; lastKnownFileType = sourcecode.swift; path = MainTabController.swift; sourceTree = "<group>"; };
/* End PBXFileReference section */

/* Begin PBXFrameworksBuildPhase section */
		3C99C2EF27BBFA4B004D04A1 /* Frameworks */ = {
			isa = PBXFrameworksBuildPhase;
			buildActionMask = 2147483647;
			files = (
			);
			runOnlyForDeploymentPostprocessing = 0;
		};
/* End PBXFrameworksBuildPhase section */

/* Begin PBXGroup section */
		3C99C2E927BBFA4B004D04A1 = {
			isa = PBXGroup;
			children = (
				3C99C2F427BBFA4B004D04A1 /* InstargramFirestoreTutorial */,
				3C99C2F327BBFA4B004D04A1 /* Products */,
			);
			sourceTree = "<group>";
		};
		3C99C2F327BBFA4B004D04A1 /* Products */ = {
			isa = PBXGroup;
			children = (
				3C99C2F227BBFA4B004D04A1 /* InstargramFirestoreTutorial.app */,
			);
			name = Products;
			sourceTree = "<group>";
		};
		3C99C2F427BBFA4B004D04A1 /* InstargramFirestoreTutorial */ = {
			isa = PBXGroup;
			children = (
				3C99C30927BBFA78004D04A1 /* Model */,
				3C99C30C27BBFAA1004D04A1 /* View */,
				3C99C30B27BBFA9F004D04A1 /* ViewModel */,
				3C99C30D27BBFAAC004D04A1 /* Controller */,
				3C99C30F27BBFAC1004D04A1 /* API */,
				3C99C30E27BBFABC004D04A1 /* Util */,
				3C99C2F527BBFA4B004D04A1 /* AppDelegate.swift */,
				3C99C2F727BBFA4B004D04A1 /* SceneDelegate.swift */,
				3C99C2F927BBFA4B004D04A1 /* ViewController.swift */,
				3C99C2FB27BBFA4B004D04A1 /* Main.storyboard */,
				3C99C2FE27BBFA4D004D04A1 /* Assets.xcassets */,
				3C99C30027BBFA4D004D04A1 /* LaunchScreen.storyboard */,
				3C99C30327BBFA4D004D04A1 /* Info.plist */,
			);
			path = InstargramFirestoreTutorial;
			sourceTree = "<group>";
		};
		3C99C30927BBFA78004D04A1 /* Model */ = {
			isa = PBXGroup;
			children = (
			);
			path = Model;
			sourceTree = "<group>";
		};
		3C99C30B27BBFA9F004D04A1 /* ViewModel */ = {
			isa = PBXGroup;
			children = (
			);
			path = ViewModel;
			sourceTree = "<group>";
		};
		3C99C30C27BBFAA1004D04A1 /* View */ = {
			isa = PBXGroup;
			children = (
			);
			path = View;
			sourceTree = "<group>";
		};
		3C99C30D27BBFAAC004D04A1 /* Controller */ = {
			isa = PBXGroup;
			children = (
				3C99C31027BBFB12004D04A1 /* MainTabController.swift */,
			);
			path = Controller;
			sourceTree = "<group>";
		};
		3C99C30E27BBFABC004D04A1 /* Util */ = {
			isa = PBXGroup;
			children = (
			);
			path = Util;
			sourceTree = "<group>";
		};
		3C99C30F27BBFAC1004D04A1 /* API */ = {
			isa = PBXGroup;
			children = (
			);
			path = API;
			sourceTree = "<group>";
		};
/* End PBXGroup section */

/* Begin PBXNativeTarget section */
		3C99C2F127BBFA4B004D04A1 /* InstargramFirestoreTutorial */ = {
			isa = PBXNativeTarget;
			buildConfigurationList = 3C99C30627BBFA4D004D04A1 /* Build configuration list for PBXNativeTarget "InstargramFirestoreTutorial" */;
			buildPhases = (
				3C99C2EE27BBFA4B004D04A1 /* Sources */,
				3C99C2EF27BBFA4B004D04A1 /* Frameworks */,
				3C99C2F027BBFA4B004D04A1 /* Resources */,
			);
			buildRules = (
			);
			dependencies = (
			);
			name = InstargramFirestoreTutorial;
			productName = InstargramFirestoreTutorial;
			productReference = 3C99C2F227BBFA4B004D04A1 /* InstargramFirestoreTutorial.app */;
			productType = "com.apple.product-type.application";
		};
/* End PBXNativeTarget section */

/* Begin PBXProject section */
		3C99C2EA27BBFA4B004D04A1 /* Project object */ = {
			isa = PBXProject;
			attributes = {
				BuildIndependentTargetsInParallel = 1;
				LastSwiftUpdateCheck = 1320;
				LastUpgradeCheck = 1320;
				TargetAttributes = {
					3C99C2F127BBFA4B004D04A1 = {
						CreatedOnToolsVersion = 13.2.1;
					};
				};
			};
			buildConfigurationList = 3C99C2ED27BBFA4B004D04A1 /* Build configuration list for PBXProject "InstargramFirestoreTutorial" */;
			compatibilityVersion = "Xcode 13.0";
			developmentRegion = en;
			hasScannedForEncodings = 0;
			knownRegions = (
				en,
				Base,
			);
			mainGroup = 3C99C2E927BBFA4B004D04A1;
			productRefGroup = 3C99C2F327BBFA4B004D04A1 /* Products */;
			projectDirPath = "";
			projectRoot = "";
			targets = (
				3C99C2F127BBFA4B004D04A1 /* InstargramFirestoreTutorial */,
			);
		};
/* End PBXProject section */

/* Begin PBXResourcesBuildPhase section */
		3C99C2F027BBFA4B004D04A1 /* Resources */ = {
			isa = PBXResourcesBuildPhase;
			buildActionMask = 2147483647;
			files = (
				3C99C30227BBFA4D004D04A1 /* LaunchScreen.storyboard in Resources */,
				3C99C2FF27BBFA4D004D04A1 /* Assets.xcassets in Resources */,
				3C99C2FD27BBFA4B004D04A1 /* Main.storyboard in Resources */,
			);
			runOnlyForDeploymentPostprocessing = 0;
		};
/* End PBXResourcesBuildPhase section */

/* Begin PBXSourcesBuildPhase section */
		3C99C2EE27BBFA4B004D04A1 /* Sources */ = {
			isa = PBXSourcesBuildPhase;
			buildActionMask = 2147483647;
			files = (
				3C99C2FA27BBFA4B004D04A1 /* ViewController.swift in Sources */,
				3C99C2F627BBFA4B004D04A1 /* AppDelegate.swift in Sources */,
				3C99C31127BBFB12004D04A1 /* MainTabController.swift in Sources */,
				3C99C2F827BBFA4B004D04A1 /* SceneDelegate.swift in Sources */,
			);
			runOnlyForDeploymentPostprocessing = 0;
		};
/* End PBXSourcesBuildPhase section */

/* Begin PBXVariantGroup section */
		3C99C2FB27BBFA4B004D04A1 /* Main.storyboard */ = {
			isa = PBXVariantGroup;
			children = (
				3C99C2FC27BBFA4B004D04A1 /* Base */,
			);
			name = Main.storyboard;
			sourceTree = "<group>";
		};
		3C99C30027BBFA4D004D04A1 /* LaunchScreen.storyboard */ = {
			isa = PBXVariantGroup;
			children = (
				3C99C30127BBFA4D004D04A1 /* Base */,
			);
			name = LaunchScreen.storyboard;
			sourceTree = "<group>";
		};
/* End PBXVariantGroup section */

/* Begin XCBuildConfiguration section */
		3C99C30427BBFA4D004D04A1 /* Debug */ = {
			isa = XCBuildConfiguration;
			buildSettings = {
				ALWAYS_SEARCH_USER_PATHS = NO;
				CLANG_ANALYZER_NONNULL = YES;
				CLANG_ANALYZER_NUMBER_OBJECT_CONVERSION = YES_AGGRESSIVE;
				CLANG_CXX_LANGUAGE_STANDARD = "gnu++17";
				CLANG_CXX_LIBRARY = "libc++";
				CLANG_ENABLE_MODULES = YES;
				CLANG_ENABLE_OBJC_ARC = YES;
				CLANG_ENABLE_OBJC_WEAK = YES;
				CLANG_WARN_BLOCK_CAPTURE_AUTORELEASING = YES;
				CLANG_WARN_BOOL_CONVERSION = YES;
				CLANG_WARN_COMMA = YES;
				CLANG_WARN_CONSTANT_CONVERSION = YES;
				CLANG_WARN_DEPRECATED_OBJC_IMPLEMENTATIONS = YES;
				CLANG_WARN_DIRECT_OBJC_ISA_USAGE = YES_ERROR;
				CLANG_WARN_DOCUMENTATION_COMMENTS = YES;
				CLANG_WARN_EMPTY_BODY = YES;
				CLANG_WARN_ENUM_CONVERSION = YES;
				CLANG_WARN_INFINITE_RECURSION = YES;
				CLANG_WARN_INT_CONVERSION = YES;
				CLANG_WARN_NON_LITERAL_NULL_CONVERSION = YES;
				CLANG_WARN_OBJC_IMPLICIT_RETAIN_SELF = YES;
				CLANG_WARN_OBJC_LITERAL_CONVERSION = YES;
				CLANG_WARN_OBJC_ROOT_CLASS = YES_ERROR;
				CLANG_WARN_QUOTED_INCLUDE_IN_FRAMEWORK_HEADER = YES;
				CLANG_WARN_RANGE_LOOP_ANALYSIS = YES;
				CLANG_WARN_STRICT_PROTOTYPES = YES;
				CLANG_WARN_SUSPICIOUS_MOVE = YES;
				CLANG_WARN_UNGUARDED_AVAILABILITY = YES_AGGRESSIVE;
				CLANG_WARN_UNREACHABLE_CODE = YES;
				CLANG_WARN__DUPLICATE_METHOD_MATCH = YES;
				COPY_PHASE_STRIP = NO;
				DEBUG_INFORMATION_FORMAT = dwarf;
				ENABLE_STRICT_OBJC_MSGSEND = YES;
				ENABLE_TESTABILITY = YES;
				GCC_C_LANGUAGE_STANDARD = gnu11;
				GCC_DYNAMIC_NO_PIC = NO;
				GCC_NO_COMMON_BLOCKS = YES;
				GCC_OPTIMIZATION_LEVEL = 0;
				GCC_PREPROCESSOR_DEFINITIONS = (
					"DEBUG=1",
					"$(inherited)",
				);
				GCC_WARN_64_TO_32_BIT_CONVERSION = YES;
				GCC_WARN_ABOUT_RETURN_TYPE = YES_ERROR;
				GCC_WARN_UNDECLARED_SELECTOR = YES;
				GCC_WARN_UNINITIALIZED_AUTOS = YES_AGGRESSIVE;
				GCC_WARN_UNUSED_FUNCTION = YES;
				GCC_WARN_UNUSED_VARIABLE = YES;
				IPHONEOS_DEPLOYMENT_TARGET = 15.2;
				MTL_ENABLE_DEBUG_INFO = INCLUDE_SOURCE;
				MTL_FAST_MATH = YES;
				ONLY_ACTIVE_ARCH = YES;
				SDKROOT = iphoneos;
				SWIFT_ACTIVE_COMPILATION_CONDITIONS = DEBUG;
				SWIFT_OPTIMIZATION_LEVEL = "-Onone";
			};
			name = Debug;
		};
		3C99C30527BBFA4D004D04A1 /* Release */ = {
			isa = XCBuildConfiguration;
			buildSettings = {
				ALWAYS_SEARCH_USER_PATHS = NO;
				CLANG_ANALYZER_NONNULL = YES;
				CLANG_ANALYZER_NUMBER_OBJECT_CONVERSION = YES_AGGRESSIVE;
				CLANG_CXX_LANGUAGE_STANDARD = "gnu++17";
				CLANG_CXX_LIBRARY = "libc++";
				CLANG_ENABLE_MODULES = YES;
				CLANG_ENABLE_OBJC_ARC = YES;
				CLANG_ENABLE_OBJC_WEAK = YES;
				CLANG_WARN_BLOCK_CAPTURE_AUTORELEASING = YES;
				CLANG_WARN_BOOL_CONVERSION = YES;
				CLANG_WARN_COMMA = YES;
				CLANG_WARN_CONSTANT_CONVERSION = YES;
				CLANG_WARN_DEPRECATED_OBJC_IMPLEMENTATIONS = YES;
				CLANG_WARN_DIRECT_OBJC_ISA_USAGE = YES_ERROR;
				CLANG_WARN_DOCUMENTATION_COMMENTS = YES;
				CLANG_WARN_EMPTY_BODY = YES;
				CLANG_WARN_ENUM_CONVERSION = YES;
				CLANG_WARN_INFINITE_RECURSION = YES;
				CLANG_WARN_INT_CONVERSION = YES;
				CLANG_WARN_NON_LITERAL_NULL_CONVERSION = YES;
				CLANG_WARN_OBJC_IMPLICIT_RETAIN_SELF = YES;
				CLANG_WARN_OBJC_LITERAL_CONVERSION = YES;
				CLANG_WARN_OBJC_ROOT_CLASS = YES_ERROR;
				CLANG_WARN_QUOTED_INCLUDE_IN_FRAMEWORK_HEADER = YES;
				CLANG_WARN_RANGE_LOOP_ANALYSIS = YES;
				CLANG_WARN_STRICT_PROTOTYPES = YES;
				CLANG_WARN_SUSPICIOUS_MOVE = YES;
				CLANG_WARN_UNGUARDED_AVAILABILITY = YES_AGGRESSIVE;
				CLANG_WARN_UNREACHABLE_CODE = YES;
				CLANG_WARN__DUPLICATE_METHOD_MATCH = YES;
				COPY_PHASE_STRIP = NO;
				DEBUG_INFORMATION_FORMAT = "dwarf-with-dsym";
				ENABLE_NS_ASSERTIONS = NO;
				ENABLE_STRICT_OBJC_MSGSEND = YES;
				GCC_C_LANGUAGE_STANDARD = gnu11;
				GCC_NO_COMMON_BLOCKS = YES;
				GCC_WARN_64_TO_32_BIT_CONVERSION = YES;
				GCC_WARN_ABOUT_RETURN_TYPE = YES_ERROR;
				GCC_WARN_UNDECLARED_SELECTOR = YES;
				GCC_WARN_UNINITIALIZED_AUTOS = YES_AGGRESSIVE;
				GCC_WARN_UNUSED_FUNCTION = YES;
				GCC_WARN_UNUSED_VARIABLE = YES;
				IPHONEOS_DEPLOYMENT_TARGET = 15.2;
				MTL_ENABLE_DEBUG_INFO = NO;
				MTL_FAST_MATH = YES;
				SDKROOT = iphoneos;
				SWIFT_COMPILATION_MODE = wholemodule;
				SWIFT_OPTIMIZATION_LEVEL = "-O";
				VALIDATE_PRODUCT = YES;
			};
			name = Release;
		};
		3C99C30727BBFA4D004D04A1 /* Debug */ = {
			isa = XCBuildConfiguration;
			buildSettings = {
				ASSETCATALOG_COMPILER_APPICON_NAME = AppIcon;
				ASSETCATALOG_COMPILER_GLOBAL_ACCENT_COLOR_NAME = AccentColor;
				CODE_SIGN_STYLE = Automatic;
				CURRENT_PROJECT_VERSION = 1;
				DEVELOPMENT_TEAM = J8A843466G;
				GENERATE_INFOPLIST_FILE = YES;
				INFOPLIST_FILE = InstargramFirestoreTutorial/Info.plist;
				INFOPLIST_KEY_UIApplicationSupportsIndirectInputEvents = YES;
				INFOPLIST_KEY_UILaunchStoryboardName = LaunchScreen;
				INFOPLIST_KEY_UIMainStoryboardFile = Main;
				INFOPLIST_KEY_UISupportedInterfaceOrientations_iPad = "UIInterfaceOrientationPortrait UIInterfaceOrientationPortraitUpsideDown UIInterfaceOrientationLandscapeLeft UIInterfaceOrientationLandscapeRight";
				INFOPLIST_KEY_UISupportedInterfaceOrientations_iPhone = "UIInterfaceOrientationPortrait UIInterfaceOrientationLandscapeLeft UIInterfaceOrientationLandscapeRight";
				LD_RUNPATH_SEARCH_PATHS = (
					"$(inherited)",
					"@executable_path/Frameworks",
				);
				MARKETING_VERSION = 1.0;
				PRODUCT_BUNDLE_IDENTIFIER = net.hryeong.InstargramFirestoreTutorial;
				PRODUCT_NAME = "$(TARGET_NAME)";
				SWIFT_EMIT_LOC_STRINGS = YES;
				SWIFT_VERSION = 5.0;
				TARGETED_DEVICE_FAMILY = "1,2";
			};
			name = Debug;
		};
		3C99C30827BBFA4D004D04A1 /* Release */ = {
			isa = XCBuildConfiguration;
			buildSettings = {
				ASSETCATALOG_COMPILER_APPICON_NAME = AppIcon;
				ASSETCATALOG_COMPILER_GLOBAL_ACCENT_COLOR_NAME = AccentColor;
				CODE_SIGN_STYLE = Automatic;
				CURRENT_PROJECT_VERSION = 1;
				DEVELOPMENT_TEAM = J8A843466G;
				GENERATE_INFOPLIST_FILE = YES;
				INFOPLIST_FILE = InstargramFirestoreTutorial/Info.plist;
				INFOPLIST_KEY_UIApplicationSupportsIndirectInputEvents = YES;
				INFOPLIST_KEY_UILaunchStoryboardName = LaunchScreen;
				INFOPLIST_KEY_UIMainStoryboardFile = Main;
				INFOPLIST_KEY_UISupportedInterfaceOrientations_iPad = "UIInterfaceOrientationPortrait UIInterfaceOrientationPortraitUpsideDown UIInterfaceOrientationLandscapeLeft UIInterfaceOrientationLandscapeRight";
				INFOPLIST_KEY_UISupportedInterfaceOrientations_iPhone = "UIInterfaceOrientationPortrait UIInterfaceOrientationLandscapeLeft UIInterfaceOrientationLandscapeRight";
				LD_RUNPATH_SEARCH_PATHS = (
					"$(inherited)",
					"@executable_path/Frameworks",
				);
				MARKETING_VERSION = 1.0;
				PRODUCT_BUNDLE_IDENTIFIER = net.hryeong.InstargramFirestoreTutorial;
				PRODUCT_NAME = "$(TARGET_NAME)";
				SWIFT_EMIT_LOC_STRINGS = YES;
				SWIFT_VERSION = 5.0;
				TARGETED_DEVICE_FAMILY = "1,2";
			};
			name = Release;
		};
/* End XCBuildConfiguration section */

/* Begin XCConfigurationList section */
		3C99C2ED27BBFA4B004D04A1 /* Build configuration list for PBXProject "InstargramFirestoreTutorial" */ = {
			isa = XCConfigurationList;
			buildConfigurations = (
				3C99C30427BBFA4D004D04A1 /* Debug */,
				3C99C30527BBFA4D004D04A1 /* Release */,
			);
			defaultConfigurationIsVisible = 0;
			defaultConfigurationName = Release;
		};
		3C99C30627BBFA4D004D04A1 /* Build configuration list for PBXNativeTarget "InstargramFirestoreTutorial" */ = {
			isa = XCConfigurationList;
			buildConfigurations = (
				3C99C30727BBFA4D004D04A1 /* Debug */,
				3C99C30827BBFA4D004D04A1 /* Release */,
			);
			defaultConfigurationIsVisible = 0;
			defaultConfigurationName = Release;
		};
/* End XCConfigurationList section */
	};
	rootObject = 3C99C2EA27BBFA4B004D04A1 /* Project object */;
}
